// !$*UTF8*$!
{
	archiveVersion = 1;
	classes = {
	};
	objectVersion = 50;
	objects = {

/* Begin PBXBuildFile section */
		AA81BEC9264ACF5D00493C3A /* MimicReminderApp.swift in Sources */ = {isa = PBXBuildFile; fileRef = AA81BEC8264ACF5D00493C3A /* MimicReminderApp.swift */; };
		AA81BECB264ACF5D00493C3A /* ContentView.swift in Sources */ = {isa = PBXBuildFile; fileRef = AA81BECA264ACF5D00493C3A /* ContentView.swift */; };
		AA81BECD264ACF5E00493C3A /* Assets.xcassets in Resources */ = {isa = PBXBuildFile; fileRef = AA81BECC264ACF5E00493C3A /* Assets.xcassets */; };
		AA81BED0264ACF5E00493C3A /* Preview Assets.xcassets in Resources */ = {isa = PBXBuildFile; fileRef = AA81BECF264ACF5E00493C3A /* Preview Assets.xcassets */; };
		AA81BED2264ACF5E00493C3A /* Persistence.swift in Sources */ = {isa = PBXBuildFile; fileRef = AA81BED1264ACF5E00493C3A /* Persistence.swift */; };
		AA81BED5264ACF5E00493C3A /* MimicReminder.xcdatamodeld in Sources */ = {isa = PBXBuildFile; fileRef = AA81BED3264ACF5E00493C3A /* MimicReminder.xcdatamodeld */; };
		AA81BEDD264AD46C00493C3A /* AddNewTodo.swift in Sources */ = {isa = PBXBuildFile; fileRef = AA81BEDC264AD46C00493C3A /* AddNewTodo.swift */; };
/* End PBXBuildFile section */

/* Begin PBXFileReference section */
		AA81BEC5264ACF5D00493C3A /* MimicReminder.app */ = {isa = PBXFileReference; explicitFileType = wrapper.application; includeInIndex = 0; path = MimicReminder.app; sourceTree = BUILT_PRODUCTS_DIR; };
		AA81BEC8264ACF5D00493C3A /* MimicReminderApp.swift */ = {isa = PBXFileReference; lastKnownFileType = sourcecode.swift; path = MimicReminderApp.swift; sourceTree = "<group>"; };
		AA81BECA264ACF5D00493C3A /* ContentView.swift */ = {isa = PBXFileReference; lastKnownFileType = sourcecode.swift; path = ContentView.swift; sourceTree = "<group>"; };
		AA81BECC264ACF5E00493C3A /* Assets.xcassets */ = {isa = PBXFileReference; lastKnownFileType = folder.assetcatalog; path = Assets.xcassets; sourceTree = "<group>"; };
		AA81BECF264ACF5E00493C3A /* Preview Assets.xcassets */ = {isa = PBXFileReference; lastKnownFileType = folder.assetcatalog; path = "Preview Assets.xcassets"; sourceTree = "<group>"; };
		AA81BED1264ACF5E00493C3A /* Persistence.swift */ = {isa = PBXFileReference; lastKnownFileType = sourcecode.swift; path = Persistence.swift; sourceTree = "<group>"; };
		AA81BED4264ACF5E00493C3A /* MimicReminder.xcdatamodel */ = {isa = PBXFileReference; lastKnownFileType = wrapper.xcdatamodel; path = MimicReminder.xcdatamodel; sourceTree = "<group>"; };
		AA81BED6264ACF5E00493C3A /* Info.plist */ = {isa = PBXFileReference; lastKnownFileType = text.plist.xml; path = Info.plist; sourceTree = "<group>"; };
		AA81BEDC264AD46C00493C3A /* AddNewTodo.swift */ = {isa = PBXFileReference; lastKnownFileType = sourcecode.swift; path = AddNewTodo.swift; sourceTree = "<group>"; };
/* End PBXFileReference section */

/* Begin PBXFrameworksBuildPhase section */
		AA81BEC2264ACF5D00493C3A /* Frameworks */ = {
			isa = PBXFrameworksBuildPhase;
			buildActionMask = 2147483647;
			files = (
			);
			runOnlyForDeploymentPostprocessing = 0;
		};
/* End PBXFrameworksBuildPhase section */

/* Begin PBXGroup section */
		AA81BEBC264ACF5D00493C3A = {
			isa = PBXGroup;
			children = (
				AA81BEC7264ACF5D00493C3A /* MimicReminder */,
				AA81BEC6264ACF5D00493C3A /* Products */,
			);
			sourceTree = "<group>";
		};
		AA81BEC6264ACF5D00493C3A /* Products */ = {
			isa = PBXGroup;
			children = (
				AA81BEC5264ACF5D00493C3A /* MimicReminder.app */,
			);
			name = Products;
			sourceTree = "<group>";
		};
		AA81BEC7264ACF5D00493C3A /* MimicReminder */ = {
			isa = PBXGroup;
			children = (
				AA81BEC8264ACF5D00493C3A /* MimicReminderApp.swift */,
				AA81BECA264ACF5D00493C3A /* ContentView.swift */,
				AA81BECC264ACF5E00493C3A /* Assets.xcassets */,
				AA81BED1264ACF5E00493C3A /* Persistence.swift */,
				AA81BED6264ACF5E00493C3A /* Info.plist */,
				AA81BED3264ACF5E00493C3A /* MimicReminder.xcdatamodeld */,
				AA81BECE264ACF5E00493C3A /* Preview Content */,
				AA81BEDC264AD46C00493C3A /* AddNewTodo.swift */,
			);
			path = MimicReminder;
			sourceTree = "<group>";
		};
		AA81BECE264ACF5E00493C3A /* Preview Content */ = {
			isa = PBXGroup;
			children = (
				AA81BECF264ACF5E00493C3A /* Preview Assets.xcassets */,
			);
			path = "Preview Content";
			sourceTree = "<group>";
		};
/* End PBXGroup section */

/* Begin PBXNativeTarget section */
		AA81BEC4264ACF5D00493C3A /* MimicReminder */ = {
			isa = PBXNativeTarget;
			buildConfigurationList = AA81BED9264ACF5E00493C3A /* Build configuration list for PBXNativeTarget "MimicReminder" */;
			buildPhases = (
				AA81BEC1264ACF5D00493C3A /* Sources */,
				AA81BEC2264ACF5D00493C3A /* Frameworks */,
				AA81BEC3264ACF5D00493C3A /* Resources */,
			);
			buildRules = (
			);
			dependencies = (
			);
			name = MimicReminder;
			productName = MimicReminder;
			productReference = AA81BEC5264ACF5D00493C3A /* MimicReminder.app */;
			productType = "com.apple.product-type.application";
		};
/* End PBXNativeTarget section */

/* Begin PBXProject section */
		AA81BEBD264ACF5D00493C3A /* Project object */ = {
			isa = PBXProject;
			attributes = {
				LastSwiftUpdateCheck = 1250;
				LastUpgradeCheck = 1250;
				TargetAttributes = {
					AA81BEC4264ACF5D00493C3A = {
						CreatedOnToolsVersion = 12.5;
					};
				};
			};
			buildConfigurationList = AA81BEC0264ACF5D00493C3A /* Build configuration list for PBXProject "MimicReminder" */;
			compatibilityVersion = "Xcode 9.3";
			developmentRegion = en;
			hasScannedForEncodings = 0;
			knownRegions = (
				en,
				Base,
			);
			mainGroup = AA81BEBC264ACF5D00493C3A;
			productRefGroup = AA81BEC6264ACF5D00493C3A /* Products */;
			projectDirPath = "";
			projectRoot = "";
			targets = (
				AA81BEC4264ACF5D00493C3A /* MimicReminder */,
			);
		};
/* End PBXProject section */

/* Begin PBXResourcesBuildPhase section */
		AA81BEC3264ACF5D00493C3A /* Resources */ = {
			isa = PBXResourcesBuildPhase;
			buildActionMask = 2147483647;
			files = (
				AA81BED0264ACF5E00493C3A /* Preview Assets.xcassets in Resources */,
				AA81BECD264ACF5E00493C3A /* Assets.xcassets in Resources */,
			);
			runOnlyForDeploymentPostprocessing = 0;
		};
/* End PBXResourcesBuildPhase section */

/* Begin PBXSourcesBuildPhase section */
		AA81BEC1264ACF5D00493C3A /* Sources */ = {
			isa = PBXSourcesBuildPhase;
			buildActionMask = 2147483647;
			files = (
				AA81BED2264ACF5E00493C3A /* Persistence.swift in Sources */,
				AA81BECB264ACF5D00493C3A /* ContentView.swift in Sources */,
				AA81BEC9264ACF5D00493C3A /* MimicReminderApp.swift in Sources */,
				AA81BED5264ACF5E00493C3A /* MimicReminder.xcdatamodeld in Sources */,
				AA81BEDD264AD46C00493C3A /* AddNewTodo.swift in Sources */,
			);
			runOnlyForDeploymentPostprocessing = 0;
		};
/* End PBXSourcesBuildPhase section */

/* Begin XCBuildConfiguration section */
		AA81BED7264ACF5E00493C3A /* Debug */ = {
			isa = XCBuildConfiguration;
			buildSettings = {
				ALWAYS_SEARCH_USER_PATHS = NO;
				CLANG_ANALYZER_NONNULL = YES;
				CLANG_ANALYZER_NUMBER_OBJECT_CONVERSION = YES_AGGRESSIVE;
				CLANG_CXX_LANGUAGE_STANDARD = "gnu++14";
				CLANG_CXX_LIBRARY = "libc++";
				CLANG_ENABLE_MODULES = YES;
				CLANG_ENABLE_OBJC_ARC = YES;
				CLANG_ENABLE_OBJC_WEAK = YES;
				CLANG_WARN_BLOCK_CAPTURE_AUTORELEASING = YES;
				CLANG_WARN_BOOL_CONVERSION = YES;
				CLANG_WARN_COMMA = YES;
				CLANG_WARN_CONSTANT_CONVERSION = YES;
				CLANG_WARN_DEPRECATED_OBJC_IMPLEMENTATIONS = YES;
				CLANG_WARN_DIRECT_OBJC_ISA_USAGE = YES_ERROR;
				CLANG_WARN_DOCUMENTATION_COMMENTS = YES;
				CLANG_WARN_EMPTY_BODY = YES;
				CLANG_WARN_ENUM_CONVERSION = YES;
				CLANG_WARN_INFINITE_RECURSION = YES;
				CLANG_WARN_INT_CONVERSION = YES;
				CLANG_WARN_NON_LITERAL_NULL_CONVERSION = YES;
				CLANG_WARN_OBJC_IMPLICIT_RETAIN_SELF = YES;
				CLANG_WARN_OBJC_LITERAL_CONVERSION = YES;
				CLANG_WARN_OBJC_ROOT_CLASS = YES_ERROR;
				CLANG_WARN_QUOTED_INCLUDE_IN_FRAMEWORK_HEADER = YES;
				CLANG_WARN_RANGE_LOOP_ANALYSIS = YES;
				CLANG_WARN_STRICT_PROTOTYPES = YES;
				CLANG_WARN_SUSPICIOUS_MOVE = YES;
				CLANG_WARN_UNGUARDED_AVAILABILITY = YES_AGGRESSIVE;
				CLANG_WARN_UNREACHABLE_CODE = YES;
				CLANG_WARN__DUPLICATE_METHOD_MATCH = YES;
				COPY_PHASE_STRIP = NO;
				DEBUG_INFORMATION_FORMAT = dwarf;
				ENABLE_STRICT_OBJC_MSGSEND = YES;
				ENABLE_TESTABILITY = YES;
				GCC_C_LANGUAGE_STANDARD = gnu11;
				GCC_DYNAMIC_NO_PIC = NO;
				GCC_NO_COMMON_BLOCKS = YES;
				GCC_OPTIMIZATION_LEVEL = 0;
				GCC_PREPROCESSOR_DEFINITIONS = (
					"DEBUG=1",
					"$(inherited)",
				);
				GCC_WARN_64_TO_32_BIT_CONVERSION = YES;
				GCC_WARN_ABOUT_RETURN_TYPE = YES_ERROR;
				GCC_WARN_UNDECLARED_SELECTOR = YES;
				GCC_WARN_UNINITIALIZED_AUTOS = YES_AGGRESSIVE;
				GCC_WARN_UNUSED_FUNCTION = YES;
				GCC_WARN_UNUSED_VARIABLE = YES;
				IPHONEOS_DEPLOYMENT_TARGET = 14.5;
				MTL_ENABLE_DEBUG_INFO = INCLUDE_SOURCE;
				MTL_FAST_MATH = YES;
				ONLY_ACTIVE_ARCH = YES;
				SDKROOT = iphoneos;
				SWIFT_ACTIVE_COMPILATION_CONDITIONS = DEBUG;
				SWIFT_OPTIMIZATION_LEVEL = "-Onone";
			};
			name = Debug;
		};
		AA81BED8264ACF5E00493C3A /* Release */ = {
			isa = XCBuildConfiguration;
			buildSettings = {
				ALWAYS_SEARCH_USER_PATHS = NO;
				CLANG_ANALYZER_NONNULL = YES;
				CLANG_ANALYZER_NUMBER_OBJECT_CONVERSION = YES_AGGRESSIVE;
				CLANG_CXX_LANGUAGE_STANDARD = "gnu++14";
				CLANG_CXX_LIBRARY = "libc++";
				CLANG_ENABLE_MODULES = YES;
				CLANG_ENABLE_OBJC_ARC = YES;
				CLANG_ENABLE_OBJC_WEAK = YES;
				CLANG_WARN_BLOCK_CAPTURE_AUTORELEASING = YES;
				CLANG_WARN_BOOL_CONVERSION = YES;
				CLANG_WARN_COMMA = YES;
				CLANG_WARN_CONSTANT_CONVERSION = YES;
				CLANG_WARN_DEPRECATED_OBJC_IMPLEMENTATIONS = YES;
				CLANG_WARN_DIRECT_OBJC_ISA_USAGE = YES_ERROR;
				CLANG_WARN_DOCUMENTATION_COMMENTS = YES;
				CLANG_WARN_EMPTY_BODY = YES;
				CLANG_WARN_ENUM_CONVERSION = YES;
				CLANG_WARN_INFINITE_RECURSION = YES;
				CLANG_WARN_INT_CONVERSION = YES;
				CLANG_WARN_NON_LITERAL_NULL_CONVERSION = YES;
				CLANG_WARN_OBJC_IMPLICIT_RETAIN_SELF = YES;
				CLANG_WARN_OBJC_LITERAL_CONVERSION = YES;
				CLANG_WARN_OBJC_ROOT_CLASS = YES_ERROR;
				CLANG_WARN_QUOTED_INCLUDE_IN_FRAMEWORK_HEADER = YES;
				CLANG_WARN_RANGE_LOOP_ANALYSIS = YES;
				CLANG_WARN_STRICT_PROTOTYPES = YES;
				CLANG_WARN_SUSPICIOUS_MOVE = YES;
				CLANG_WARN_UNGUARDED_AVAILABILITY = YES_AGGRESSIVE;
				CLANG_WARN_UNREACHABLE_CODE = YES;
				CLANG_WARN__DUPLICATE_METHOD_MATCH = YES;
				COPY_PHASE_STRIP = NO;
				DEBUG_INFORMATION_FORMAT = "dwarf-with-dsym";
				ENABLE_NS_ASSERTIONS = NO;
				ENABLE_STRICT_OBJC_MSGSEND = YES;
				GCC_C_LANGUAGE_STANDARD = gnu11;
				GCC_NO_COMMON_BLOCKS = YES;
				GCC_WARN_64_TO_32_BIT_CONVERSION = YES;
				GCC_WARN_ABOUT_RETURN_TYPE = YES_ERROR;
				GCC_WARN_UNDECLARED_SELECTOR = YES;
				GCC_WARN_UNINITIALIZED_AUTOS = YES_AGGRESSIVE;
				GCC_WARN_UNUSED_FUNCTION = YES;
				GCC_WARN_UNUSED_VARIABLE = YES;
				IPHONEOS_DEPLOYMENT_TARGET = 14.5;
				MTL_ENABLE_DEBUG_INFO = NO;
				MTL_FAST_MATH = YES;
				SDKROOT = iphoneos;
				SWIFT_COMPILATION_MODE = wholemodule;
				SWIFT_OPTIMIZATION_LEVEL = "-O";
				VALIDATE_PRODUCT = YES;
			};
			name = Release;
		};
		AA81BEDA264ACF5E00493C3A /* Debug */ = {
			isa = XCBuildConfiguration;
			buildSettings = {
				ASSETCATALOG_COMPILER_APPICON_NAME = AppIcon;
				ASSETCATALOG_COMPILER_GLOBAL_ACCENT_COLOR_NAME = AccentColor;
				CODE_SIGN_STYLE = Automatic;
				DEVELOPMENT_ASSET_PATHS = "\"MimicReminder/Preview Content\"";
				DEVELOPMENT_TEAM = N5PUH33534;
				ENABLE_PREVIEWS = YES;
				INFOPLIST_FILE = MimicReminder/Info.plist;
				IPHONEOS_DEPLOYMENT_TARGET = 14.0;
				LD_RUNPATH_SEARCH_PATHS = (
					"$(inherited)",
					"@executable_path/Frameworks",
				);
				PRODUCT_BUNDLE_IDENTIFIER = com.bleedingedge.MimicReminder;
				PRODUCT_NAME = "$(TARGET_NAME)";
				SWIFT_VERSION = 5.0;
				TARGETED_DEVICE_FAMILY = "1,2";
			};
			name = Debug;
		};
		AA81BEDB264ACF5E00493C3A /* Release */ = {
			isa = XCBuildConfiguration;
			buildSettings = {
				ASSETCATALOG_COMPILER_APPICON_NAME = AppIcon;
				ASSETCATALOG_COMPILER_GLOBAL_ACCENT_COLOR_NAME = AccentColor;
				CODE_SIGN_STYLE = Automatic;
				DEVELOPMENT_ASSET_PATHS = "\"MimicReminder/Preview Content\"";
				DEVELOPMENT_TEAM = N5PUH33534;
				ENABLE_PREVIEWS = YES;
				INFOPLIST_FILE = MimicReminder/Info.plist;
				IPHONEOS_DEPLOYMENT_TARGET = 14.0;
				LD_RUNPATH_SEARCH_PATHS = (
					"$(inherited)",
					"@executable_path/Frameworks",
				);
				PRODUCT_BUNDLE_IDENTIFIER = com.bleedingedge.MimicReminder;
				PRODUCT_NAME = "$(TARGET_NAME)";
				SWIFT_VERSION = 5.0;
				TARGETED_DEVICE_FAMILY = "1,2";
			};
			name = Release;
		};
/* End XCBuildConfiguration section */

/* Begin XCConfigurationList section */
		AA81BEC0264ACF5D00493C3A /* Build configuration list for PBXProject "MimicReminder" */ = {
			isa = XCConfigurationList;
			buildConfigurations = (
				AA81BED7264ACF5E00493C3A /* Debug */,
				AA81BED8264ACF5E00493C3A /* Release */,
			);
			defaultConfigurationIsVisible = 0;
			defaultConfigurationName = Release;
		};
		AA81BED9264ACF5E00493C3A /* Build configuration list for PBXNativeTarget "MimicReminder" */ = {
			isa = XCConfigurationList;
			buildConfigurations = (
				AA81BEDA264ACF5E00493C3A /* Debug */,
				AA81BEDB264ACF5E00493C3A /* Release */,
			);
			defaultConfigurationIsVisible = 0;
			defaultConfigurationName = Release;
		};
/* End XCConfigurationList section */

/* Begin XCVersionGroup section */
		AA81BED3264ACF5E00493C3A /* MimicReminder.xcdatamodeld */ = {
			isa = XCVersionGroup;
			children = (
				AA81BED4264ACF5E00493C3A /* MimicReminder.xcdatamodel */,
			);
			currentVersion = AA81BED4264ACF5E00493C3A /* MimicReminder.xcdatamodel */;
			path = MimicReminder.xcdatamodeld;
			sourceTree = "<group>";
			versionGroupType = wrapper.xcdatamodel;
		};
/* End XCVersionGroup section */
	};
	rootObject = AA81BEBD264ACF5D00493C3A /* Project object */;
}
